
Microsoft Visual Studio Solution File, Format Version 12.00
# Visual Studio Version 18
VisualStudioVersion = 18.0.0
MinimumVisualStudioVersion = 10.0.40219.1
Project("{FAE04EC0-301F-11D3-BF4B-00C04F79EFBC}") = "MeuSistema.API", "MeuSistema.API\MeuSistema.API.csproj", "{07F35705-2C46-43FF-B973-67FC29BBFFA9}"
EndProject
Project("{FAE04EC0-301F-11D3-BF4B-00C04F79EFBC}") = "MeuSistema.Application", "MeuSistema.Application\MeuSistema.Application.csproj", "{5CBEA2D1-7A87-4F29-B6CF-C1742FF9B264}"
EndProject
Project("{FAE04EC0-301F-11D3-BF4B-00C04F79EFBC}") = "MeuSistema.Domain", "MeuSistema.Domain\MeuSistema.Domain.csproj", "{8C586032-6667-4249-9F26-F2C757C85724}"
EndProject
Project("{FAE04EC0-301F-11D3-BF4B-00C04F79EFBC}") = "MeuSistema.Infrastructure", "MeuSistema.Infrastructure\MeuSistema.Infrastructure.csproj", "{C0E19163-71B7-4127-BB74-DB645E89AD8E}"
EndProject
Project("{2150E333-8FDC-42A3-9474-1A3956D46DE8}") = "tests", "tests", "{0AB3BF05-4346-4AA6-1389-037BE0695223}"
EndProject
Project("{FAE04EC0-301F-11D3-BF4B-00C04F79EFBC}") = "MeuSistema.UnitTests", "tests\MeuSistema.UnitTests\MeuSistema.UnitTests.csproj", "{A2E2E7B7-3E56-41BA-923F-D79899A05312}"
EndProject
Project("{FAE04EC0-301F-11D3-BF4B-00C04F79EFBC}") = "MeuSistema.IntegrationTests", "tests\MeuSistema.IntegrationTests\MeuSistema.IntegrationTests.csproj", "{7B38E4FD-99E0-4104-B2DA-A1803F4048DC}"
EndProject
Global
	GlobalSection(SolutionConfigurationPlatforms) = preSolution
		Debug|Any CPU = Debug|Any CPU
		Debug|x64 = Debug|x64
		Debug|x86 = Debug|x86
		Release|Any CPU = Release|Any CPU
		Release|x64 = Release|x64
		Release|x86 = Release|x86
	EndGlobalSection
	GlobalSection(ProjectConfigurationPlatforms) = postSolution
		{07F35705-2C46-43FF-B973-67FC29BBFFA9}.Debug|Any CPU.ActiveCfg = Debug|Any CPU
		{07F35705-2C46-43FF-B973-67FC29BBFFA9}.Debug|Any CPU.Build.0 = Debug|Any CPU
		{07F35705-2C46-43FF-B973-67FC29BBFFA9}.Debug|x64.ActiveCfg = Debug|Any CPU
		{07F35705-2C46-43FF-B973-67FC29BBFFA9}.Debug|x64.Build.0 = Debug|Any CPU
		{07F35705-2C46-43FF-B973-67FC29BBFFA9}.Debug|x86.ActiveCfg = Debug|Any CPU
		{07F35705-2C46-43FF-B973-67FC29BBFFA9}.Debug|x86.Build.0 = Debug|Any CPU
		{07F35705-2C46-43FF-B973-67FC29BBFFA9}.Release|Any CPU.ActiveCfg = Release|Any CPU
		{07F35705-2C46-43FF-B973-67FC29BBFFA9}.Release|Any CPU.Build.0 = Release|Any CPU
		{07F35705-2C46-43FF-B973-67FC29BBFFA9}.Release|x64.ActiveCfg = Release|Any CPU
		{07F35705-2C46-43FF-B973-67FC29BBFFA9}.Release|x64.Build.0 = Release|Any CPU
		{07F35705-2C46-43FF-B973-67FC29BBFFA9}.Release|x86.ActiveCfg = Release|Any CPU
		{07F35705-2C46-43FF-B973-67FC29BBFFA9}.Release|x86.Build.0 = Release|Any CPU
		{5CBEA2D1-7A87-4F29-B6CF-C1742FF9B264}.Debug|Any CPU.ActiveCfg = Debug|Any CPU
		{5CBEA2D1-7A87-4F29-B6CF-C1742FF9B264}.Debug|Any CPU.Build.0 = Debug|Any CPU
		{5CBEA2D1-7A87-4F29-B6CF-C1742FF9B264}.Debug|x64.ActiveCfg = Debug|Any CPU
		{5CBEA2D1-7A87-4F29-B6CF-C1742FF9B264}.Debug|x64.Build.0 = Debug|Any CPU
		{5CBEA2D1-7A87-4F29-B6CF-C1742FF9B264}.Debug|x86.ActiveCfg = Debug|Any CPU
		{5CBEA2D1-7A87-4F29-B6CF-C1742FF9B264}.Debug|x86.Build.0 = Debug|Any CPU
		{5CBEA2D1-7A87-4F29-B6CF-C1742FF9B264}.Release|Any CPU.ActiveCfg = Release|Any CPU
		{5CBEA2D1-7A87-4F29-B6CF-C1742FF9B264}.Release|Any CPU.Build.0 = Release|Any CPU
		{5CBEA2D1-7A87-4F29-B6CF-C1742FF9B264}.Release|x64.ActiveCfg = Release|Any CPU
		{5CBEA2D1-7A87-4F29-B6CF-C1742FF9B264}.Release|x64.Build.0 = Release|Any CPU
		{5CBEA2D1-7A87-4F29-B6CF-C1742FF9B264}.Release|x86.ActiveCfg = Release|Any CPU
		{5CBEA2D1-7A87-4F29-B6CF-C1742FF9B264}.Release|x86.Build.0 = Release|Any CPU
		{8C586032-6667-4249-9F26-F2C757C85724}.Debug|Any CPU.ActiveCfg = Debug|Any CPU
		{8C586032-6667-4249-9F26-F2C757C85724}.Debug|Any CPU.Build.0 = Debug|Any CPU
		{8C586032-6667-4249-9F26-F2C757C85724}.Debug|x64.ActiveCfg = Debug|Any CPU
		{8C586032-6667-4249-9F26-F2C757C85724}.Debug|x64.Build.0 = Debug|Any CPU
		{8C586032-6667-4249-9F26-F2C757C85724}.Debug|x86.ActiveCfg = Debug|Any CPU
		{8C586032-6667-4249-9F26-F2C757C85724}.Debug|x86.Build.0 = Debug|Any CPU
		{8C586032-6667-4249-9F26-F2C757C85724}.Release|Any CPU.ActiveCfg = Release|Any CPU
		{8C586032-6667-4249-9F26-F2C757C85724}.Release|Any CPU.Build.0 = Release|Any CPU
		{8C586032-6667-4249-9F26-F2C757C85724}.Release|x64.ActiveCfg = Release|Any CPU
		{8C586032-6667-4249-9F26-F2C757C85724}.Release|x64.Build.0 = Release|Any CPU
		{8C586032-6667-4249-9F26-F2C757C85724}.Release|x86.ActiveCfg = Release|Any CPU
		{8C586032-6667-4249-9F26-F2C757C85724}.Release|x86.Build.0 = Release|Any CPU
		{C0E19163-71B7-4127-BB74-DB645E89AD8E}.Debug|Any CPU.ActiveCfg = Debug|Any CPU
		{C0E19163-71B7-4127-BB74-DB645E89AD8E}.Debug|Any CPU.Build.0 = Debug|Any CPU
		{C0E19163-71B7-4127-BB74-DB645E89AD8E}.Debug|x64.ActiveCfg = Debug|Any CPU
		{C0E19163-71B7-4127-BB74-DB645E89AD8E}.Debug|x64.Build.0 = Debug|Any CPU
		{C0E19163-71B7-4127-BB74-DB645E89AD8E}.Debug|x86.ActiveCfg = Debug|Any CPU
		{C0E19163-71B7-4127-BB74-DB645E89AD8E}.Debug|x86.Build.0 = Debug|Any CPU
		{C0E19163-71B7-4127-BB74-DB645E89AD8E}.Release|Any CPU.ActiveCfg = Release|Any CPU
		{C0E19163-71B7-4127-BB74-DB645E89AD8E}.Release|Any CPU.Build.0 = Release|Any CPU
		{C0E19163-71B7-4127-BB74-DB645E89AD8E}.Release|x64.ActiveCfg = Release|Any CPU
		{C0E19163-71B7-4127-BB74-DB645E89AD8E}.Release|x64.Build.0 = Release|Any CPU
		{C0E19163-71B7-4127-BB74-DB645E89AD8E}.Release|x86.ActiveCfg = Release|Any CPU
		{C0E19163-71B7-4127-BB74-DB645E89AD8E}.Release|x86.Build.0 = Release|Any CPU
		{A2E2E7B7-3E56-41BA-923F-D79899A05312}.Debug|Any CPU.ActiveCfg = Debug|Any CPU
		{A2E2E7B7-3E56-41BA-923F-D79899A05312}.Debug|Any CPU.Build.0 = Debug|Any CPU
		{A2E2E7B7-3E56-41BA-923F-D79899A05312}.Debug|x64.ActiveCfg = Debug|Any CPU
		{A2E2E7B7-3E56-41BA-923F-D79899A05312}.Debug|x64.Build.0 = Debug|Any CPU
		{A2E2E7B7-3E56-41BA-923F-D79899A05312}.Debug|x86.ActiveCfg = Debug|Any CPU
		{A2E2E7B7-3E56-41BA-923F-D79899A05312}.Debug|x86.Build.0 = Debug|Any CPU
		{A2E2E7B7-3E56-41BA-923F-D79899A05312}.Release|Any CPU.ActiveCfg = Release|Any CPU
		{A2E2E7B7-3E56-41BA-923F-D79899A05312}.Release|Any CPU.Build.0 = Release|Any CPU
		{A2E2E7B7-3E56-41BA-923F-D79899A05312}.Release|x64.ActiveCfg = Release|Any CPU
		{A2E2E7B7-3E56-41BA-923F-D79899A05312}.Release|x64.Build.0 = Release|Any CPU
		{A2E2E7B7-3E56-41BA-923F-D79899A05312}.Release|x86.ActiveCfg = Release|Any CPU
		{A2E2E7B7-3E56-41BA-923F-D79899A05312}.Release|x86.Build.0 = Release|Any CPU
		{7B38E4FD-99E0-4104-B2DA-A1803F4048DC}.Debug|Any CPU.ActiveCfg = Debug|Any CPU
		{7B38E4FD-99E0-4104-B2DA-A1803F4048DC}.Debug|Any CPU.Build.0 = Debug|Any CPU
		{7B38E4FD-99E0-4104-B2DA-A1803F4048DC}.Debug|x64.ActiveCfg = Debug|Any CPU
		{7B38E4FD-99E0-4104-B2DA-A1803F4048DC}.Debug|x64.Build.0 = Debug|Any CPU
		{7B38E4FD-99E0-4104-B2DA-A1803F4048DC}.Debug|x86.ActiveCfg = Debug|Any CPU
		{7B38E4FD-99E0-4104-B2DA-A1803F4048DC}.Debug|x86.Build.0 = Debug|Any CPU
		{7B38E4FD-99E0-4104-B2DA-A1803F4048DC}.Release|Any CPU.ActiveCfg = Release|Any CPU
		{7B38E4FD-99E0-4104-B2DA-A1803F4048DC}.Release|Any CPU.Build.0 = Release|Any CPU
		{7B38E4FD-99E0-4104-B2DA-A1803F4048DC}.Release|x64.ActiveCfg = Release|Any CPU
		{7B38E4FD-99E0-4104-B2DA-A1803F4048DC}.Release|x64.Build.0 = Release|Any CPU
		{7B38E4FD-99E0-4104-B2DA-A1803F4048DC}.Release|x86.ActiveCfg = Release|Any CPU
		{7B38E4FD-99E0-4104-B2DA-A1803F4048DC}.Release|x86.Build.0 = Release|Any CPU
	EndGlobalSection
	GlobalSection(SolutionProperties) = preSolution
		HideSolutionNode = FALSE
	EndGlobalSection
	GlobalSection(NestedProjects) = preSolution
		{A2E2E7B7-3E56-41BA-923F-D79899A05312} = {0AB3BF05-4346-4AA6-1389-037BE0695223}
		{7B38E4FD-99E0-4104-B2DA-A1803F4048DC} = {0AB3BF05-4346-4AA6-1389-037BE0695223}
	EndGlobalSection
EndGlobal
